
Microsoft Visual Studio Solution File, Format Version 12.00
# Visual Studio Version 16
VisualStudioVersion = 16.0.29411.108
MinimumVisualStudioVersion = 10.0.40219.1
Project("{FAE04EC0-301F-11D3-BF4B-00C04F79EFBC}") = "Open-Lab 2.01", "Open-Lab 2.01\Open-Lab 2.01.csproj", "{2B6B1ABF-9E75-4C3D-A5C6-AB4AD171ECB8}"
EndProject
Global
	GlobalSection(SolutionConfigurationPlatforms) = preSolution
		Debug|Any CPU = Debug|Any CPU
		Release|Any CPU = Release|Any CPU
	EndGlobalSection
	GlobalSection(ProjectConfigurationPlatforms) = postSolution
		{2B6B1ABF-9E75-4C3D-A5C6-AB4AD171ECB8}.Debug|Any CPU.ActiveCfg = Debug|Any CPU
		{2B6B1ABF-9E75-4C3D-A5C6-AB4AD171ECB8}.Debug|Any CPU.Build.0 = Debug|Any CPU
		{2B6B1ABF-9E75-4C3D-A5C6-AB4AD171ECB8}.Release|Any CPU.ActiveCfg = Release|Any CPU
		{2B6B1ABF-9E75-4C3D-A5C6-AB4AD171ECB8}.Release|Any CPU.Build.0 = Release|Any CPU
	EndGlobalSection
	GlobalSection(SolutionProperties) = preSolution
		HideSolutionNode = FALSE
	EndGlobalSection
	GlobalSection(ExtensibilityGlobals) = postSolution
		SolutionGuid = {18A86FE7-124D-4509-9977-AEDD16BC510D}
	EndGlobalSection
EndGlobal
